
Microsoft Visual Studio Solution File, Format Version 12.00
# Visual Studio Version 16
VisualStudioVersion = 16.0.30907.101
MinimumVisualStudioVersion = 10.0.40219.1
Project("{FAE04EC0-301F-11D3-BF4B-00C04F79EFBC}") = "B3LY Toolkit", "B3LY Toolkit\B3LY Toolkit.csproj", "{72B84ACD-8CD4-4CEF-B6BF-DC22939353AD}"
EndProject
Global
	GlobalSection(SolutionConfigurationPlatforms) = preSolution
		Debug|Any CPU = Debug|Any CPU
		Release|Any CPU = Release|Any CPU
	EndGlobalSection
	GlobalSection(ProjectConfigurationPlatforms) = postSolution
		{72B84ACD-8CD4-4CEF-B6BF-DC22939353AD}.Debug|Any CPU.ActiveCfg = Debug|Any CPU
		{72B84ACD-8CD4-4CEF-B6BF-DC22939353AD}.Debug|Any CPU.Build.0 = Debug|Any CPU
		{72B84ACD-8CD4-4CEF-B6BF-DC22939353AD}.Release|Any CPU.ActiveCfg = Release|Any CPU
		{72B84ACD-8CD4-4CEF-B6BF-DC22939353AD}.Release|Any CPU.Build.0 = Release|Any CPU
	EndGlobalSection
	GlobalSection(SolutionProperties) = preSolution
		HideSolutionNode = FALSE
	EndGlobalSection
	GlobalSection(ExtensibilityGlobals) = postSolution
		SolutionGuid = {F570B6BF-0040-4810-AD8B-38D905B6B27D}
	EndGlobalSection
EndGlobal
